PODS:
  - AFNetworking (4.0.1):
    - AFNetworking/NSURLSession (= 4.0.1)
    - AFNetworking/Reachability (= 4.0.1)
    - AFNetworking/Security (= 4.0.1)
    - AFNetworking/Serialization (= 4.0.1)
    - AFNetworking/UIKit (= 4.0.1)
  - AFNetworking/NSURLSession (4.0.1):
    - AFNetworking/Reachability
    - AFNetworking/Security
    - AFNetworking/Serialization
  - AFNetworking/Reachability (4.0.1)
  - AFNetworking/Security (4.0.1)
  - AFNetworking/Serialization (4.0.1)
  - AFNetworking/UIKit (4.0.1):
    - AFNetworking/NSURLSession
  - Expecta (1.0.6)
  - OHHTTPStubs (8.0.0):
    - OHHTTPStubs/Default (= 8.0.0)
  - OHHTTPStubs/Core (8.0.0)
  - OHHTTPStubs/Default (8.0.0):
    - OHHTTPStubs/Core
    - OHHTTPStubs/JSON
    - OHHTTPStubs/NSURLSession
    - OHHTTPStubs/OHPathHelpers
  - OHHTTPStubs/JSON (8.0.0):
    - OHHTTPStubs/Core
  - OHHTTPStubs/NSURLSession (8.0.0):
    - OHHTTPStubs/Core
  - OHHTTPStubs/OHPathHelpers (8.0.0)
  - Specta (2.0.0)

DEPENDENCIES:
  - AFNetworking (~> 4.0)
  - Expecta
  - OHHTTPStubs (~> 8.0)
  - Specta

SPEC REPOS:
  trunk:
    - AFNetworking
    - Expecta
    - OHHTTPStubs
    - Specta

SPEC CHECKSUMS:
  AFNetworking: 7864c38297c79aaca1500c33288e429c3451fdce
  Expecta: 3b6bd90a64b9a1dcb0b70aa0e10a7f8f631667d5
  OHHTTPStubs: 9cbce6364bec557cc3439aa6bb7514670d780881
  Specta: b79d84043684b35ffdc2680df578dc318ec2efc2

PODFILE CHECKSUM: 1b436c7f338858e3fc56a2cb035a4169d8542999

COCOAPODS: 1.11.3
