PODS:
  - AFNetworking (4.0.1):
    - AFNetworking/NSURLSession (= 4.0.1)
    - AFNetworking/Reachability (= 4.0.1)
    - AFNetworking/Security (= 4.0.1)
    - AFNetworking/Serialization (= 4.0.1)
    - AFNetworking/UIKit (= 4.0.1)
  - AFNetworking/NSURLSession (4.0.1):
    - AFNetworking/Reachability
    - AFNetworking/Security
    - AFNetworking/Serialization
  - AFNetworking/Reachability (4.0.1)
  - AFNetworking/Security (4.0.1)
  - AFNetworking/Serialization (4.0.1)
  - AFNetworking/UIKit (4.0.1):
    - AFNetworking/NSURLSession
  - Expecta (1.0.6)
  - OHHTTPStubs (6.2.0):
    - OHHTTPStubs/Default (= 6.2.0)
  - OHHTTPStubs/Core (6.2.0)
  - OHHTTPStubs/Default (6.2.0):
    - OHHTTPStubs/Core
    - OHHTTPStubs/JSON
    - OHHTTPStubs/NSURLSession
    - OHHTTPStubs/OHPathHelpers
  - OHHTTPStubs/JSON (6.2.0):
    - OHHTTPStubs/Core
  - OHHTTPStubs/NSURLSession (6.2.0):
    - OHHTTPStubs/Core
  - OHHTTPStubs/OHPathHelpers (6.2.0)
  - Specta (1.0.7)

DEPENDENCIES:
  - AFNetworking (~> 4.0)
  - Expecta
  - OHHTTPStubs (~> 6.0)
  - Specta

SPEC REPOS:
  trunk:
    - AFNetworking
    - Expecta
    - OHHTTPStubs
    - Specta

SPEC CHECKSUMS:
  AFNetworking: 7864c38297c79aaca1500c33288e429c3451fdce
  Expecta: 3b6bd90a64b9a1dcb0b70aa0e10a7f8f631667d5
  OHHTTPStubs: 9cde8b5c0b8cc5c0f393b5e20c8efb6e05915c63
  Specta: 3e1bd89c3517421982dc4d1c992503e48bd5fe66

PODFILE CHECKSUM: 013ff1d9045e732c02d660eb7b8aaf7829c43764

COCOAPODS: 1.9.3
